// !$*UTF8*$!
{
	archiveVersion = 1;
	classes = {
	};
	objectVersion = 77;
	objects = {

/* Begin PBXBuildFile section */
		475370A62E051101009E701A /* WebKit.framework in Frameworks */ = {isa = PBXBuildFile; fileRef = 475370A52E051101009E701A /* WebKit.framework */; };
		47683E862E16D66D0011FC5D /* ProgressHUD in Frameworks */ = {isa = PBXBuildFile; productRef = 47683E852E16D66D0011FC5D /* ProgressHUD */; };
		47683E9B2E23B3D70011FC5D /* SwiftKeychainWrapper in Frameworks */ = {isa = PBXBuildFile; productRef = 47683E9A2E23B3D70011FC5D /* SwiftKeychainWrapper */; };
		47683E9E2E23B3E70011FC5D /* Kingfisher in Frameworks */ = {isa = PBXBuildFile; productRef = 47683E9D2E23B3E70011FC5D /* Kingfisher */; };
/* End PBXBuildFile section */

/* Begin PBXContainerItemProxy section */
		4725A3C82EB27D2600EB524E /* PBXContainerItemProxy */ = {
			isa = PBXContainerItemProxy;
			containerPortal = 472FB4222DDE36A900BD3E80 /* Project object */;
			proxyType = 1;
			remoteGlobalIDString = 472FB4292DDE36A900BD3E80;
			remoteInfo = ImageFeed;
		};
		473B161A2EB28ACB00219D7D /* PBXContainerItemProxy */ = {
			isa = PBXContainerItemProxy;
			containerPortal = 472FB4222DDE36A900BD3E80 /* Project object */;
			proxyType = 1;
			remoteGlobalIDString = 472FB4292DDE36A900BD3E80;
			remoteInfo = ImageFeed;
		};
		473B16292EB28DB100219D7D /* PBXContainerItemProxy */ = {
			isa = PBXContainerItemProxy;
			containerPortal = 472FB4222DDE36A900BD3E80 /* Project object */;
			proxyType = 1;
			remoteGlobalIDString = 472FB4292DDE36A900BD3E80;
			remoteInfo = ImageFeed;
		};
		473B16362EB28DCC00219D7D /* PBXContainerItemProxy */ = {
			isa = PBXContainerItemProxy;
			containerPortal = 472FB4222DDE36A900BD3E80 /* Project object */;
			proxyType = 1;
			remoteGlobalIDString = 472FB4292DDE36A900BD3E80;
			remoteInfo = ImageFeed;
		};
/* End PBXContainerItemProxy section */

/* Begin PBXFileReference section */
		4725A3C42EB27D2600EB524E /* ImageFeedTests.xctest */ = {isa = PBXFileReference; explicitFileType = wrapper.cfbundle; includeInIndex = 0; path = ImageFeedTests.xctest; sourceTree = BUILT_PRODUCTS_DIR; };
		472FB42A2DDE36A900BD3E80 /* ImageFeed.app */ = {isa = PBXFileReference; explicitFileType = wrapper.application; includeInIndex = 0; path = ImageFeed.app; sourceTree = BUILT_PRODUCTS_DIR; };
		473B16142EB28ACB00219D7D /* ImageFeedUITests.xctest */ = {isa = PBXFileReference; explicitFileType = wrapper.cfbundle; includeInIndex = 0; path = ImageFeedUITests.xctest; sourceTree = BUILT_PRODUCTS_DIR; };
		473B16252EB28DB100219D7D /* ProfileViewTests.xctest */ = {isa = PBXFileReference; explicitFileType = wrapper.cfbundle; includeInIndex = 0; path = ProfileViewTests.xctest; sourceTree = BUILT_PRODUCTS_DIR; };
		473B16322EB28DCC00219D7D /* ImageListViewTests.xctest */ = {isa = PBXFileReference; explicitFileType = wrapper.cfbundle; includeInIndex = 0; path = ImageListViewTests.xctest; sourceTree = BUILT_PRODUCTS_DIR; };
		475370A52E051101009E701A /* WebKit.framework */ = {isa = PBXFileReference; lastKnownFileType = wrapper.framework; name = WebKit.framework; path = System/Library/Frameworks/WebKit.framework; sourceTree = SDKROOT; };
		475F30362EAFADAB00B19127 /* Kingfisher */ = {isa = PBXFileReference; lastKnownFileType = wrapper; name = Kingfisher; path = "/Users/antonsilenin/Library/Developer/Xcode/DerivedData/ImageFeed-cyvavetsczinygfvpuljxgopntif/SourcePackages/checkouts/Kingfisher"; sourceTree = "<absolute>"; };
		475F30372EAFADB500B19127 /* ProgressHUD */ = {isa = PBXFileReference; lastKnownFileType = wrapper; name = ProgressHUD; path = "/Users/antonsilenin/Library/Developer/Xcode/DerivedData/ImageFeed-cyvavetsczinygfvpuljxgopntif/SourcePackages/checkouts/ProgressHUD"; sourceTree = "<absolute>"; };
		475F30382EAFADB500B19127 /* SwiftKeychainWrapper */ = {isa = PBXFileReference; lastKnownFileType = wrapper; name = SwiftKeychainWrapper; path = "/Users/antonsilenin/Library/Developer/Xcode/DerivedData/ImageFeed-cyvavetsczinygfvpuljxgopntif/SourcePackages/checkouts/SwiftKeychainWrapper"; sourceTree = "<absolute>"; };
/* End PBXFileReference section */

/* Begin PBXFileSystemSynchronizedBuildFileExceptionSet section */
		472FB43C2DDE36AA00BD3E80 /* Exceptions for "ImageFeed" folder in "ImageFeed" target */ = {
			isa = PBXFileSystemSynchronizedBuildFileExceptionSet;
			membershipExceptions = (
				Resources/Info.plist,
			);
			target = 472FB4292DDE36A900BD3E80 /* ImageFeed */;
		};
/* End PBXFileSystemSynchronizedBuildFileExceptionSet section */

/* Begin PBXFileSystemSynchronizedRootGroup section */
		4725A3C52EB27D2600EB524E /* WebViewTests */ = {
			isa = PBXFileSystemSynchronizedRootGroup;
			path = WebViewTests;
			sourceTree = "<group>";
		};
		472FB42C2DDE36A900BD3E80 /* ImageFeed */ = {
			isa = PBXFileSystemSynchronizedRootGroup;
			exceptions = (
				472FB43C2DDE36AA00BD3E80 /* Exceptions for "ImageFeed" folder in "ImageFeed" target */,
			);
			path = ImageFeed;
			sourceTree = "<group>";
		};
		473B16152EB28ACB00219D7D /* ImageFeedUITests */ = {
			isa = PBXFileSystemSynchronizedRootGroup;
			path = ImageFeedUITests;
			sourceTree = "<group>";
		};
		473B16262EB28DB100219D7D /* ProfileViewTests */ = {
			isa = PBXFileSystemSynchronizedRootGroup;
			path = ProfileViewTests;
			sourceTree = "<group>";
		};
		473B16332EB28DCC00219D7D /* ImageListViewTests */ = {
			isa = PBXFileSystemSynchronizedRootGroup;
			path = ImageListViewTests;
			sourceTree = "<group>";
		};
/* End PBXFileSystemSynchronizedRootGroup section */

/* Begin PBXFrameworksBuildPhase section */
		4725A3C12EB27D2600EB524E /* Frameworks */ = {
			isa = PBXFrameworksBuildPhase;
			buildActionMask = 2147483647;
			files = (
			);
			runOnlyForDeploymentPostprocessing = 0;
		};
		472FB4272DDE36A900BD3E80 /* Frameworks */ = {
			isa = PBXFrameworksBuildPhase;
			buildActionMask = 2147483647;
			files = (
				47683E9E2E23B3E70011FC5D /* Kingfisher in Frameworks */,
				475370A62E051101009E701A /* WebKit.framework in Frameworks */,
				47683E862E16D66D0011FC5D /* ProgressHUD in Frameworks */,
				47683E9B2E23B3D70011FC5D /* SwiftKeychainWrapper in Frameworks */,
			);
			runOnlyForDeploymentPostprocessing = 0;
		};
		473B16112EB28ACB00219D7D /* Frameworks */ = {
			isa = PBXFrameworksBuildPhase;
			buildActionMask = 2147483647;
			files = (
			);
			runOnlyForDeploymentPostprocessing = 0;
		};
		473B16222EB28DB100219D7D /* Frameworks */ = {
			isa = PBXFrameworksBuildPhase;
			buildActionMask = 2147483647;
			files = (
			);
			runOnlyForDeploymentPostprocessing = 0;
		};
		473B162F2EB28DCC00219D7D /* Frameworks */ = {
			isa = PBXFrameworksBuildPhase;
			buildActionMask = 2147483647;
			files = (
			);
			runOnlyForDeploymentPostprocessing = 0;
		};
/* End PBXFrameworksBuildPhase section */

/* Begin PBXGroup section */
		472FB4212DDE36A900BD3E80 = {
			isa = PBXGroup;
			children = (
				473B161F2EB28D4B00219D7D /* Tests */,
				472FB42C2DDE36A900BD3E80 /* ImageFeed */,
				475370A42E051100009E701A /* Frameworks */,
				472FB42B2DDE36A900BD3E80 /* Products */,
			);
			sourceTree = "<group>";
		};
		472FB42B2DDE36A900BD3E80 /* Products */ = {
			isa = PBXGroup;
			children = (
				472FB42A2DDE36A900BD3E80 /* ImageFeed.app */,
				4725A3C42EB27D2600EB524E /* ImageFeedTests.xctest */,
				473B16142EB28ACB00219D7D /* ImageFeedUITests.xctest */,
				473B16252EB28DB100219D7D /* ProfileViewTests.xctest */,
				473B16322EB28DCC00219D7D /* ImageListViewTests.xctest */,
			);
			name = Products;
			sourceTree = "<group>";
		};
		473B161F2EB28D4B00219D7D /* Tests */ = {
			isa = PBXGroup;
			children = (
				473B16202EB28D5A00219D7D /* UnitTests */,
				473B16152EB28ACB00219D7D /* ImageFeedUITests */,
			);
			path = Tests;
			sourceTree = "<group>";
		};
		473B16202EB28D5A00219D7D /* UnitTests */ = {
			isa = PBXGroup;
			children = (
				4725A3C52EB27D2600EB524E /* WebViewTests */,
				473B16262EB28DB100219D7D /* ProfileViewTests */,
				473B16332EB28DCC00219D7D /* ImageListViewTests */,
			);
			path = UnitTests;
			sourceTree = "<group>";
		};
		475370A42E051100009E701A /* Frameworks */ = {
			isa = PBXGroup;
			children = (
				475370A52E051101009E701A /* WebKit.framework */,
				475F30362EAFADAB00B19127 /* Kingfisher */,
				475F30372EAFADB500B19127 /* ProgressHUD */,
				475F30382EAFADB500B19127 /* SwiftKeychainWrapper */,
			);
			name = Frameworks;
			sourceTree = "<group>";
		};
/* End PBXGroup section */

/* Begin PBXNativeTarget section */
		4725A3C32EB27D2600EB524E /* ImageFeedTests */ = {
			isa = PBXNativeTarget;
			buildConfigurationList = 4725A3CC2EB27D2600EB524E /* Build configuration list for PBXNativeTarget "ImageFeedTests" */;
			buildPhases = (
				4725A3C02EB27D2600EB524E /* Sources */,
				4725A3C12EB27D2600EB524E /* Frameworks */,
				4725A3C22EB27D2600EB524E /* Resources */,
			);
			buildRules = (
			);
			dependencies = (
				4725A3C92EB27D2600EB524E /* PBXTargetDependency */,
			);
			fileSystemSynchronizedGroups = (
				4725A3C52EB27D2600EB524E /* WebViewTests */,
			);
			name = ImageFeedTests;
			packageProductDependencies = (
			);
			productName = ImageFeedTests;
			productReference = 4725A3C42EB27D2600EB524E /* ImageFeedTests.xctest */;
			productType = "com.apple.product-type.bundle.unit-test";
		};
		472FB4292DDE36A900BD3E80 /* ImageFeed */ = {
			isa = PBXNativeTarget;
			buildConfigurationList = 472FB43D2DDE36AA00BD3E80 /* Build configuration list for PBXNativeTarget "ImageFeed" */;
			buildPhases = (
				472FB4262DDE36A900BD3E80 /* Sources */,
				472FB4272DDE36A900BD3E80 /* Frameworks */,
				472FB4282DDE36A900BD3E80 /* Resources */,
			);
			buildRules = (
			);
			dependencies = (
			);
			fileSystemSynchronizedGroups = (
				472FB42C2DDE36A900BD3E80 /* ImageFeed */,
			);
			name = ImageFeed;
			packageProductDependencies = (
				47683E852E16D66D0011FC5D /* ProgressHUD */,
				47683E9A2E23B3D70011FC5D /* SwiftKeychainWrapper */,
				47683E9D2E23B3E70011FC5D /* Kingfisher */,
			);
			productName = ImageFeed;
			productReference = 472FB42A2DDE36A900BD3E80 /* ImageFeed.app */;
			productType = "com.apple.product-type.application";
		};
		473B16132EB28ACB00219D7D /* ImageFeedUITests */ = {
			isa = PBXNativeTarget;
			buildConfigurationList = 473B161C2EB28ACB00219D7D /* Build configuration list for PBXNativeTarget "ImageFeedUITests" */;
			buildPhases = (
				473B16102EB28ACB00219D7D /* Sources */,
				473B16112EB28ACB00219D7D /* Frameworks */,
				473B16122EB28ACB00219D7D /* Resources */,
			);
			buildRules = (
			);
			dependencies = (
				473B161B2EB28ACB00219D7D /* PBXTargetDependency */,
			);
			fileSystemSynchronizedGroups = (
				473B16152EB28ACB00219D7D /* ImageFeedUITests */,
			);
			name = ImageFeedUITests;
			packageProductDependencies = (
			);
			productName = ImageFeedUITests;
			productReference = 473B16142EB28ACB00219D7D /* ImageFeedUITests.xctest */;
			productType = "com.apple.product-type.bundle.ui-testing";
		};
		473B16242EB28DB100219D7D /* ProfileViewTests */ = {
			isa = PBXNativeTarget;
			buildConfigurationList = 473B162B2EB28DB100219D7D /* Build configuration list for PBXNativeTarget "ProfileViewTests" */;
			buildPhases = (
				473B16212EB28DB100219D7D /* Sources */,
				473B16222EB28DB100219D7D /* Frameworks */,
				473B16232EB28DB100219D7D /* Resources */,
			);
			buildRules = (
			);
			dependencies = (
				473B162A2EB28DB100219D7D /* PBXTargetDependency */,
			);
			fileSystemSynchronizedGroups = (
				473B16262EB28DB100219D7D /* ProfileViewTests */,
			);
			name = ProfileViewTests;
			packageProductDependencies = (
			);
			productName = ProfileViewTests;
			productReference = 473B16252EB28DB100219D7D /* ProfileViewTests.xctest */;
			productType = "com.apple.product-type.bundle.unit-test";
		};
		473B16312EB28DCC00219D7D /* ImageListViewTests */ = {
			isa = PBXNativeTarget;
			buildConfigurationList = 473B16382EB28DCC00219D7D /* Build configuration list for PBXNativeTarget "ImageListViewTests" */;
			buildPhases = (
				473B162E2EB28DCC00219D7D /* Sources */,
				473B162F2EB28DCC00219D7D /* Frameworks */,
				473B16302EB28DCC00219D7D /* Resources */,
			);
			buildRules = (
			);
			dependencies = (
				473B16372EB28DCC00219D7D /* PBXTargetDependency */,
			);
			fileSystemSynchronizedGroups = (
				473B16332EB28DCC00219D7D /* ImageListViewTests */,
			);
			name = ImageListViewTests;
			packageProductDependencies = (
			);
			productName = ImageListViewTests;
			productReference = 473B16322EB28DCC00219D7D /* ImageListViewTests.xctest */;
			productType = "com.apple.product-type.bundle.unit-test";
		};
/* End PBXNativeTarget section */

/* Begin PBXProject section */
		472FB4222DDE36A900BD3E80 /* Project object */ = {
			isa = PBXProject;
			attributes = {
				BuildIndependentTargetsInParallel = 1;
				LastSwiftUpdateCheck = 2600;
				LastUpgradeCheck = 1630;
				TargetAttributes = {
					4725A3C32EB27D2600EB524E = {
						CreatedOnToolsVersion = 26.0.1;
						TestTargetID = 472FB4292DDE36A900BD3E80;
					};
					472FB4292DDE36A900BD3E80 = {
						CreatedOnToolsVersion = 16.3;
					};
					473B16132EB28ACB00219D7D = {
						CreatedOnToolsVersion = 26.0.1;
						TestTargetID = 472FB4292DDE36A900BD3E80;
					};
					473B16242EB28DB100219D7D = {
						CreatedOnToolsVersion = 26.0.1;
						TestTargetID = 472FB4292DDE36A900BD3E80;
					};
					473B16312EB28DCC00219D7D = {
						CreatedOnToolsVersion = 26.0.1;
						TestTargetID = 472FB4292DDE36A900BD3E80;
					};
				};
			};
			buildConfigurationList = 472FB4252DDE36A900BD3E80 /* Build configuration list for PBXProject "ImageFeed" */;
			developmentRegion = en;
			hasScannedForEncodings = 0;
			knownRegions = (
				en,
				Base,
			);
			mainGroup = 472FB4212DDE36A900BD3E80;
			minimizedProjectReferenceProxies = 1;
			packageReferences = (
				47683E842E16D66D0011FC5D /* XCRemoteSwiftPackageReference "ProgressHUD" */,
				47683E992E23B3D70011FC5D /* XCRemoteSwiftPackageReference "SwiftKeychainWrapper" */,
				47683E9C2E23B3E70011FC5D /* XCRemoteSwiftPackageReference "Kingfisher" */,
			);
			preferredProjectObjectVersion = 77;
			productRefGroup = 472FB42B2DDE36A900BD3E80 /* Products */;
			projectDirPath = "";
			projectRoot = "";
			targets = (
				472FB4292DDE36A900BD3E80 /* ImageFeed */,
				4725A3C32EB27D2600EB524E /* ImageFeedTests */,
				473B16132EB28ACB00219D7D /* ImageFeedUITests */,
				473B16242EB28DB100219D7D /* ProfileViewTests */,
				473B16312EB28DCC00219D7D /* ImageListViewTests */,
			);
		};
/* End PBXProject section */

/* Begin PBXResourcesBuildPhase section */
		4725A3C22EB27D2600EB524E /* Resources */ = {
			isa = PBXResourcesBuildPhase;
			buildActionMask = 2147483647;
			files = (
			);
			runOnlyForDeploymentPostprocessing = 0;
		};
		472FB4282DDE36A900BD3E80 /* Resources */ = {
			isa = PBXResourcesBuildPhase;
			buildActionMask = 2147483647;
			files = (
			);
			runOnlyForDeploymentPostprocessing = 0;
		};
		473B16122EB28ACB00219D7D /* Resources */ = {
			isa = PBXResourcesBuildPhase;
			buildActionMask = 2147483647;
			files = (
			);
			runOnlyForDeploymentPostprocessing = 0;
		};
		473B16232EB28DB100219D7D /* Resources */ = {
			isa = PBXResourcesBuildPhase;
			buildActionMask = 2147483647;
			files = (
			);
			runOnlyForDeploymentPostprocessing = 0;
		};
		473B16302EB28DCC00219D7D /* Resources */ = {
			isa = PBXResourcesBuildPhase;
			buildActionMask = 2147483647;
			files = (
			);
			runOnlyForDeploymentPostprocessing = 0;
		};
/* End PBXResourcesBuildPhase section */

/* Begin PBXSourcesBuildPhase section */
		4725A3C02EB27D2600EB524E /* Sources */ = {
			isa = PBXSourcesBuildPhase;
			buildActionMask = 2147483647;
			files = (
			);
			runOnlyForDeploymentPostprocessing = 0;
		};
		472FB4262DDE36A900BD3E80 /* Sources */ = {
			isa = PBXSourcesBuildPhase;
			buildActionMask = 2147483647;
			files = (
			);
			runOnlyForDeploymentPostprocessing = 0;
		};
		473B16102EB28ACB00219D7D /* Sources */ = {
			isa = PBXSourcesBuildPhase;
			buildActionMask = 2147483647;
			files = (
			);
			runOnlyForDeploymentPostprocessing = 0;
		};
		473B16212EB28DB100219D7D /* Sources */ = {
			isa = PBXSourcesBuildPhase;
			buildActionMask = 2147483647;
			files = (
			);
			runOnlyForDeploymentPostprocessing = 0;
		};
		473B162E2EB28DCC00219D7D /* Sources */ = {
			isa = PBXSourcesBuildPhase;
			buildActionMask = 2147483647;
			files = (
			);
			runOnlyForDeploymentPostprocessing = 0;
		};
/* End PBXSourcesBuildPhase section */

/* Begin PBXTargetDependency section */
		4725A3C92EB27D2600EB524E /* PBXTargetDependency */ = {
			isa = PBXTargetDependency;
			target = 472FB4292DDE36A900BD3E80 /* ImageFeed */;
			targetProxy = 4725A3C82EB27D2600EB524E /* PBXContainerItemProxy */;
		};
		473B161B2EB28ACB00219D7D /* PBXTargetDependency */ = {
			isa = PBXTargetDependency;
			target = 472FB4292DDE36A900BD3E80 /* ImageFeed */;
			targetProxy = 473B161A2EB28ACB00219D7D /* PBXContainerItemProxy */;
		};
		473B162A2EB28DB100219D7D /* PBXTargetDependency */ = {
			isa = PBXTargetDependency;
			target = 472FB4292DDE36A900BD3E80 /* ImageFeed */;
			targetProxy = 473B16292EB28DB100219D7D /* PBXContainerItemProxy */;
		};
		473B16372EB28DCC00219D7D /* PBXTargetDependency */ = {
			isa = PBXTargetDependency;
			target = 472FB4292DDE36A900BD3E80 /* ImageFeed */;
			targetProxy = 473B16362EB28DCC00219D7D /* PBXContainerItemProxy */;
		};
/* End PBXTargetDependency section */

/* Begin XCBuildConfiguration section */
		4725A3CA2EB27D2600EB524E /* Debug */ = {
			isa = XCBuildConfiguration;
			buildSettings = {
				BUNDLE_LOADER = "$(TEST_HOST)";
				CODE_SIGN_STYLE = Automatic;
				CURRENT_PROJECT_VERSION = 1;
				DEVELOPMENT_TEAM = 6PN54GZG7W;
				GENERATE_INFOPLIST_FILE = YES;
				IPHONEOS_DEPLOYMENT_TARGET = 26.0;
				MARKETING_VERSION = 1.0;
				PRODUCT_BUNDLE_IDENTIFIER = ru.yandex.practicum.ImageFeedTests;
				PRODUCT_NAME = "$(TARGET_NAME)";
				STRING_CATALOG_GENERATE_SYMBOLS = NO;
				SWIFT_APPROACHABLE_CONCURRENCY = YES;
				SWIFT_EMIT_LOC_STRINGS = NO;
				SWIFT_UPCOMING_FEATURE_MEMBER_IMPORT_VISIBILITY = YES;
				SWIFT_VERSION = 5.0;
				TARGETED_DEVICE_FAMILY = "1,2";
				TEST_HOST = "$(BUILT_PRODUCTS_DIR)/ImageFeed.app/$(BUNDLE_EXECUTABLE_FOLDER_PATH)/ImageFeed";
			};
			name = Debug;
		};
		4725A3CB2EB27D2600EB524E /* Release */ = {
			isa = XCBuildConfiguration;
			buildSettings = {
				BUNDLE_LOADER = "$(TEST_HOST)";
				CODE_SIGN_STYLE = Automatic;
				CURRENT_PROJECT_VERSION = 1;
				DEVELOPMENT_TEAM = 6PN54GZG7W;
				GENERATE_INFOPLIST_FILE = YES;
				IPHONEOS_DEPLOYMENT_TARGET = 26.0;
				MARKETING_VERSION = 1.0;
				PRODUCT_BUNDLE_IDENTIFIER = ru.yandex.practicum.ImageFeedTests;
				PRODUCT_NAME = "$(TARGET_NAME)";
				STRING_CATALOG_GENERATE_SYMBOLS = NO;
				SWIFT_APPROACHABLE_CONCURRENCY = YES;
				SWIFT_EMIT_LOC_STRINGS = NO;
				SWIFT_UPCOMING_FEATURE_MEMBER_IMPORT_VISIBILITY = YES;
				SWIFT_VERSION = 5.0;
				TARGETED_DEVICE_FAMILY = "1,2";
				TEST_HOST = "$(BUILT_PRODUCTS_DIR)/ImageFeed.app/$(BUNDLE_EXECUTABLE_FOLDER_PATH)/ImageFeed";
			};
			name = Release;
		};
		472FB43E2DDE36AA00BD3E80 /* Debug */ = {
			isa = XCBuildConfiguration;
			buildSettings = {
				ASSETCATALOG_COMPILER_APPICON_NAME = AppIcon;
				ASSETCATALOG_COMPILER_GLOBAL_ACCENT_COLOR_NAME = AccentColor;
				CODE_SIGN_STYLE = Automatic;
				CURRENT_PROJECT_VERSION = 1;
				DEVELOPMENT_TEAM = 6PN54GZG7W;
				GENERATE_INFOPLIST_FILE = YES;
				INFOPLIST_FILE = ImageFeed/Resources/Info.plist;
				INFOPLIST_KEY_UIApplicationSupportsIndirectInputEvents = YES;
				INFOPLIST_KEY_UILaunchStoryboardName = LaunchScreen;
				INFOPLIST_KEY_UIMainStoryboardFile = Main;
				INFOPLIST_KEY_UISupportedInterfaceOrientations = UIInterfaceOrientationPortrait;
				INFOPLIST_KEY_UISupportedInterfaceOrientations_iPad = "UIInterfaceOrientationLandscapeLeft UIInterfaceOrientationLandscapeRight UIInterfaceOrientationPortrait UIInterfaceOrientationPortraitUpsideDown";
				IPHONEOS_DEPLOYMENT_TARGET = 13;
				LD_RUNPATH_SEARCH_PATHS = (
					"$(inherited)",
					"@executable_path/Frameworks",
				);
				MARKETING_VERSION = 1.0;
				PRODUCT_BUNDLE_IDENTIFIER = ru.yandex.practicum.ImageFeed;
				PRODUCT_NAME = "$(TARGET_NAME)";
				SUPPORTED_PLATFORMS = "iphoneos iphonesimulator";
				SUPPORTS_MACCATALYST = NO;
				SUPPORTS_XR_DESIGNED_FOR_IPHONE_IPAD = NO;
				SWIFT_EMIT_LOC_STRINGS = YES;
				SWIFT_VERSION = 5.0;
				TARGETED_DEVICE_FAMILY = 1;
			};
			name = Debug;
		};
		472FB43F2DDE36AA00BD3E80 /* Release */ = {
			isa = XCBuildConfiguration;
			buildSettings = {
				ASSETCATALOG_COMPILER_APPICON_NAME = AppIcon;
				ASSETCATALOG_COMPILER_GLOBAL_ACCENT_COLOR_NAME = AccentColor;
				CODE_SIGN_STYLE = Automatic;
				CURRENT_PROJECT_VERSION = 1;
				DEVELOPMENT_TEAM = 6PN54GZG7W;
				GENERATE_INFOPLIST_FILE = YES;
				INFOPLIST_FILE = ImageFeed/Resources/Info.plist;
				INFOPLIST_KEY_UIApplicationSupportsIndirectInputEvents = YES;
				INFOPLIST_KEY_UILaunchStoryboardName = LaunchScreen;
				INFOPLIST_KEY_UIMainStoryboardFile = Main;
				INFOPLIST_KEY_UISupportedInterfaceOrientations = UIInterfaceOrientationPortrait;
				INFOPLIST_KEY_UISupportedInterfaceOrientations_iPad = "UIInterfaceOrientationLandscapeLeft UIInterfaceOrientationLandscapeRight UIInterfaceOrientationPortrait UIInterfaceOrientationPortraitUpsideDown";
				IPHONEOS_DEPLOYMENT_TARGET = 13;
				LD_RUNPATH_SEARCH_PATHS = (
					"$(inherited)",
					"@executable_path/Frameworks",
				);
				MARKETING_VERSION = 1.0;
				PRODUCT_BUNDLE_IDENTIFIER = ru.yandex.practicum.ImageFeed;
				PRODUCT_NAME = "$(TARGET_NAME)";
				SUPPORTED_PLATFORMS = "iphoneos iphonesimulator";
				SUPPORTS_MACCATALYST = NO;
				SUPPORTS_XR_DESIGNED_FOR_IPHONE_IPAD = NO;
				SWIFT_EMIT_LOC_STRINGS = YES;
				SWIFT_VERSION = 5.0;
				TARGETED_DEVICE_FAMILY = 1;
			};
			name = Release;
		};
		472FB4402DDE36AA00BD3E80 /* Debug */ = {
			isa = XCBuildConfiguration;
			buildSettings = {
				ALWAYS_SEARCH_USER_PATHS = NO;
				ASSETCATALOG_COMPILER_GENERATE_SWIFT_ASSET_SYMBOL_EXTENSIONS = YES;
				CLANG_ANALYZER_NONNULL = YES;
				CLANG_ANALYZER_NUMBER_OBJECT_CONVERSION = YES_AGGRESSIVE;
				CLANG_CXX_LANGUAGE_STANDARD = "gnu++20";
				CLANG_ENABLE_MODULES = YES;
				CLANG_ENABLE_OBJC_ARC = YES;
				CLANG_ENABLE_OBJC_WEAK = YES;
				CLANG_WARN_BLOCK_CAPTURE_AUTORELEASING = YES;
				CLANG_WARN_BOOL_CONVERSION = YES;
				CLANG_WARN_COMMA = YES;
				CLANG_WARN_CONSTANT_CONVERSION = YES;
				CLANG_WARN_DEPRECATED_OBJC_IMPLEMENTATIONS = YES;
				CLANG_WARN_DIRECT_OBJC_ISA_USAGE = YES_ERROR;
				CLANG_WARN_DOCUMENTATION_COMMENTS = YES;
				CLANG_WARN_EMPTY_BODY = YES;
				CLANG_WARN_ENUM_CONVERSION = YES;
				CLANG_WARN_INFINITE_RECURSION = YES;
				CLANG_WARN_INT_CONVERSION = YES;
				CLANG_WARN_NON_LITERAL_NULL_CONVERSION = YES;
				CLANG_WARN_OBJC_IMPLICIT_RETAIN_SELF = YES;
				CLANG_WARN_OBJC_LITERAL_CONVERSION = YES;
				CLANG_WARN_OBJC_ROOT_CLASS = YES_ERROR;
				CLANG_WARN_QUOTED_INCLUDE_IN_FRAMEWORK_HEADER = YES;
				CLANG_WARN_RANGE_LOOP_ANALYSIS = YES;
				CLANG_WARN_STRICT_PROTOTYPES = YES;
				CLANG_WARN_SUSPICIOUS_MOVE = YES;
				CLANG_WARN_UNGUARDED_AVAILABILITY = YES_AGGRESSIVE;
				CLANG_WARN_UNREACHABLE_CODE = YES;
				CLANG_WARN__DUPLICATE_METHOD_MATCH = YES;
				COPY_PHASE_STRIP = NO;
				DEBUG_INFORMATION_FORMAT = dwarf;
				DEVELOPMENT_TEAM = 6PN54GZG7W;
				ENABLE_STRICT_OBJC_MSGSEND = YES;
				ENABLE_TESTABILITY = YES;
				ENABLE_USER_SCRIPT_SANDBOXING = YES;
				GCC_C_LANGUAGE_STANDARD = gnu17;
				GCC_DYNAMIC_NO_PIC = NO;
				GCC_NO_COMMON_BLOCKS = YES;
				GCC_OPTIMIZATION_LEVEL = 0;
				GCC_PREPROCESSOR_DEFINITIONS = (
					"DEBUG=1",
					"$(inherited)",
				);
				GCC_WARN_64_TO_32_BIT_CONVERSION = YES;
				GCC_WARN_ABOUT_RETURN_TYPE = YES_ERROR;
				GCC_WARN_UNDECLARED_SELECTOR = YES;
				GCC_WARN_UNINITIALIZED_AUTOS = YES_AGGRESSIVE;
				GCC_WARN_UNUSED_FUNCTION = YES;
				GCC_WARN_UNUSED_VARIABLE = YES;
				IPHONEOS_DEPLOYMENT_TARGET = 18.4;
				LOCALIZATION_PREFERS_STRING_CATALOGS = YES;
				MTL_ENABLE_DEBUG_INFO = INCLUDE_SOURCE;
				MTL_FAST_MATH = YES;
				ONLY_ACTIVE_ARCH = YES;
				SDKROOT = iphoneos;
				SWIFT_ACTIVE_COMPILATION_CONDITIONS = "DEBUG $(inherited)";
				SWIFT_OPTIMIZATION_LEVEL = "-Onone";
			};
			name = Debug;
		};
		472FB4412DDE36AA00BD3E80 /* Release */ = {
			isa = XCBuildConfiguration;
			buildSettings = {
				ALWAYS_SEARCH_USER_PATHS = NO;
				ASSETCATALOG_COMPILER_GENERATE_SWIFT_ASSET_SYMBOL_EXTENSIONS = YES;
				CLANG_ANALYZER_NONNULL = YES;
				CLANG_ANALYZER_NUMBER_OBJECT_CONVERSION = YES_AGGRESSIVE;
				CLANG_CXX_LANGUAGE_STANDARD = "gnu++20";
				CLANG_ENABLE_MODULES = YES;
				CLANG_ENABLE_OBJC_ARC = YES;
				CLANG_ENABLE_OBJC_WEAK = YES;
				CLANG_WARN_BLOCK_CAPTURE_AUTORELEASING = YES;
				CLANG_WARN_BOOL_CONVERSION = YES;
				CLANG_WARN_COMMA = YES;
				CLANG_WARN_CONSTANT_CONVERSION = YES;
				CLANG_WARN_DEPRECATED_OBJC_IMPLEMENTATIONS = YES;
				CLANG_WARN_DIRECT_OBJC_ISA_USAGE = YES_ERROR;
				CLANG_WARN_DOCUMENTATION_COMMENTS = YES;
				CLANG_WARN_EMPTY_BODY = YES;
				CLANG_WARN_ENUM_CONVERSION = YES;
				CLANG_WARN_INFINITE_RECURSION = YES;
				CLANG_WARN_INT_CONVERSION = YES;
				CLANG_WARN_NON_LITERAL_NULL_CONVERSION = YES;
				CLANG_WARN_OBJC_IMPLICIT_RETAIN_SELF = YES;
				CLANG_WARN_OBJC_LITERAL_CONVERSION = YES;
				CLANG_WARN_OBJC_ROOT_CLASS = YES_ERROR;
				CLANG_WARN_QUOTED_INCLUDE_IN_FRAMEWORK_HEADER = YES;
				CLANG_WARN_RANGE_LOOP_ANALYSIS = YES;
				CLANG_WARN_STRICT_PROTOTYPES = YES;
				CLANG_WARN_SUSPICIOUS_MOVE = YES;
				CLANG_WARN_UNGUARDED_AVAILABILITY = YES_AGGRESSIVE;
				CLANG_WARN_UNREACHABLE_CODE = YES;
				CLANG_WARN__DUPLICATE_METHOD_MATCH = YES;
				COPY_PHASE_STRIP = NO;
				DEBUG_INFORMATION_FORMAT = "dwarf-with-dsym";
				DEVELOPMENT_TEAM = 6PN54GZG7W;
				ENABLE_NS_ASSERTIONS = NO;
				ENABLE_STRICT_OBJC_MSGSEND = YES;
				ENABLE_USER_SCRIPT_SANDBOXING = YES;
				GCC_C_LANGUAGE_STANDARD = gnu17;
				GCC_NO_COMMON_BLOCKS = YES;
				GCC_WARN_64_TO_32_BIT_CONVERSION = YES;
				GCC_WARN_ABOUT_RETURN_TYPE = YES_ERROR;
				GCC_WARN_UNDECLARED_SELECTOR = YES;
				GCC_WARN_UNINITIALIZED_AUTOS = YES_AGGRESSIVE;
				GCC_WARN_UNUSED_FUNCTION = YES;
				GCC_WARN_UNUSED_VARIABLE = YES;
				IPHONEOS_DEPLOYMENT_TARGET = 18.4;
				LOCALIZATION_PREFERS_STRING_CATALOGS = YES;
				MTL_ENABLE_DEBUG_INFO = NO;
				MTL_FAST_MATH = YES;
				SDKROOT = iphoneos;
				SWIFT_COMPILATION_MODE = wholemodule;
				VALIDATE_PRODUCT = YES;
			};
			name = Release;
		};
		473B161D2EB28ACB00219D7D /* Debug */ = {
			isa = XCBuildConfiguration;
			buildSettings = {
				CODE_SIGN_STYLE = Automatic;
				CURRENT_PROJECT_VERSION = 1;
				DEVELOPMENT_TEAM = 6PN54GZG7W;
				GENERATE_INFOPLIST_FILE = YES;
				IPHONEOS_DEPLOYMENT_TARGET = 26.0;
				MARKETING_VERSION = 1.0;
				PRODUCT_BUNDLE_IDENTIFIER = ru.yandex.practicum.ImageFeedUITests;
				PRODUCT_NAME = "$(TARGET_NAME)";
				STRING_CATALOG_GENERATE_SYMBOLS = NO;
				SWIFT_APPROACHABLE_CONCURRENCY = YES;
				SWIFT_EMIT_LOC_STRINGS = NO;
				SWIFT_UPCOMING_FEATURE_MEMBER_IMPORT_VISIBILITY = YES;
				SWIFT_VERSION = 5.0;
				TARGETED_DEVICE_FAMILY = "1,2";
				TEST_TARGET_NAME = ImageFeed;
			};
			name = Debug;
		};
		473B161E2EB28ACB00219D7D /* Release */ = {
			isa = XCBuildConfiguration;
			buildSettings = {
				CODE_SIGN_STYLE = Automatic;
				CURRENT_PROJECT_VERSION = 1;
				DEVELOPMENT_TEAM = 6PN54GZG7W;
				GENERATE_INFOPLIST_FILE = YES;
				IPHONEOS_DEPLOYMENT_TARGET = 26.0;
				MARKETING_VERSION = 1.0;
				PRODUCT_BUNDLE_IDENTIFIER = ru.yandex.practicum.ImageFeedUITests;
				PRODUCT_NAME = "$(TARGET_NAME)";
				STRING_CATALOG_GENERATE_SYMBOLS = NO;
				SWIFT_APPROACHABLE_CONCURRENCY = YES;
				SWIFT_EMIT_LOC_STRINGS = NO;
				SWIFT_UPCOMING_FEATURE_MEMBER_IMPORT_VISIBILITY = YES;
				SWIFT_VERSION = 5.0;
				TARGETED_DEVICE_FAMILY = "1,2";
				TEST_TARGET_NAME = ImageFeed;
			};
			name = Release;
		};
		473B162C2EB28DB100219D7D /* Debug */ = {
			isa = XCBuildConfiguration;
			buildSettings = {
				BUNDLE_LOADER = "$(TEST_HOST)";
				CODE_SIGN_STYLE = Automatic;
				CURRENT_PROJECT_VERSION = 1;
				DEVELOPMENT_TEAM = 6PN54GZG7W;
				GENERATE_INFOPLIST_FILE = YES;
				IPHONEOS_DEPLOYMENT_TARGET = 26.0;
				MARKETING_VERSION = 1.0;
				PRODUCT_BUNDLE_IDENTIFIER = ru.yandex.practicum.ProfileViewTests;
				PRODUCT_NAME = "$(TARGET_NAME)";
				STRING_CATALOG_GENERATE_SYMBOLS = NO;
				SWIFT_APPROACHABLE_CONCURRENCY = YES;
				SWIFT_EMIT_LOC_STRINGS = NO;
				SWIFT_UPCOMING_FEATURE_MEMBER_IMPORT_VISIBILITY = YES;
				SWIFT_VERSION = 5.0;
				TARGETED_DEVICE_FAMILY = "1,2";
				TEST_HOST = "$(BUILT_PRODUCTS_DIR)/ImageFeed.app/$(BUNDLE_EXECUTABLE_FOLDER_PATH)/ImageFeed";
			};
			name = Debug;
		};
		473B162D2EB28DB100219D7D /* Release */ = {
			isa = XCBuildConfiguration;
			buildSettings = {
				BUNDLE_LOADER = "$(TEST_HOST)";
				CODE_SIGN_STYLE = Automatic;
				CURRENT_PROJECT_VERSION = 1;
				DEVELOPMENT_TEAM = 6PN54GZG7W;
				GENERATE_INFOPLIST_FILE = YES;
				IPHONEOS_DEPLOYMENT_TARGET = 26.0;
				MARKETING_VERSION = 1.0;
				PRODUCT_BUNDLE_IDENTIFIER = ru.yandex.practicum.ProfileViewTests;
				PRODUCT_NAME = "$(TARGET_NAME)";
				STRING_CATALOG_GENERATE_SYMBOLS = NO;
				SWIFT_APPROACHABLE_CONCURRENCY = YES;
				SWIFT_EMIT_LOC_STRINGS = NO;
				SWIFT_UPCOMING_FEATURE_MEMBER_IMPORT_VISIBILITY = YES;
				SWIFT_VERSION = 5.0;
				TARGETED_DEVICE_FAMILY = "1,2";
				TEST_HOST = "$(BUILT_PRODUCTS_DIR)/ImageFeed.app/$(BUNDLE_EXECUTABLE_FOLDER_PATH)/ImageFeed";
			};
			name = Release;
		};
		473B16392EB28DCC00219D7D /* Debug */ = {
			isa = XCBuildConfiguration;
			buildSettings = {
				BUNDLE_LOADER = "$(TEST_HOST)";
				CODE_SIGN_STYLE = Automatic;
				CURRENT_PROJECT_VERSION = 1;
				DEVELOPMENT_TEAM = 6PN54GZG7W;
				GENERATE_INFOPLIST_FILE = YES;
				IPHONEOS_DEPLOYMENT_TARGET = 26.0;
				MARKETING_VERSION = 1.0;
				PRODUCT_BUNDLE_IDENTIFIER = ru.yandex.practicum.ImageListViewTests;
				PRODUCT_NAME = "$(TARGET_NAME)";
				STRING_CATALOG_GENERATE_SYMBOLS = NO;
				SWIFT_APPROACHABLE_CONCURRENCY = YES;
				SWIFT_EMIT_LOC_STRINGS = NO;
				SWIFT_UPCOMING_FEATURE_MEMBER_IMPORT_VISIBILITY = YES;
				SWIFT_VERSION = 5.0;
				TARGETED_DEVICE_FAMILY = "1,2";
				TEST_HOST = "$(BUILT_PRODUCTS_DIR)/ImageFeed.app/$(BUNDLE_EXECUTABLE_FOLDER_PATH)/ImageFeed";
			};
			name = Debug;
		};
		473B163A2EB28DCC00219D7D /* Release */ = {
			isa = XCBuildConfiguration;
			buildSettings = {
				BUNDLE_LOADER = "$(TEST_HOST)";
				CODE_SIGN_STYLE = Automatic;
				CURRENT_PROJECT_VERSION = 1;
				DEVELOPMENT_TEAM = 6PN54GZG7W;
				GENERATE_INFOPLIST_FILE = YES;
				IPHONEOS_DEPLOYMENT_TARGET = 26.0;
				MARKETING_VERSION = 1.0;
				PRODUCT_BUNDLE_IDENTIFIER = ru.yandex.practicum.ImageListViewTests;
				PRODUCT_NAME = "$(TARGET_NAME)";
				STRING_CATALOG_GENERATE_SYMBOLS = NO;
				SWIFT_APPROACHABLE_CONCURRENCY = YES;
				SWIFT_EMIT_LOC_STRINGS = NO;
				SWIFT_UPCOMING_FEATURE_MEMBER_IMPORT_VISIBILITY = YES;
				SWIFT_VERSION = 5.0;
				TARGETED_DEVICE_FAMILY = "1,2";
				TEST_HOST = "$(BUILT_PRODUCTS_DIR)/ImageFeed.app/$(BUNDLE_EXECUTABLE_FOLDER_PATH)/ImageFeed";
			};
			name = Release;
		};
/* End XCBuildConfiguration section */

/* Begin XCConfigurationList section */
		4725A3CC2EB27D2600EB524E /* Build configuration list for PBXNativeTarget "ImageFeedTests" */ = {
			isa = XCConfigurationList;
			buildConfigurations = (
				4725A3CA2EB27D2600EB524E /* Debug */,
				4725A3CB2EB27D2600EB524E /* Release */,
			);
			defaultConfigurationIsVisible = 0;
			defaultConfigurationName = Release;
		};
		472FB4252DDE36A900BD3E80 /* Build configuration list for PBXProject "ImageFeed" */ = {
			isa = XCConfigurationList;
			buildConfigurations = (
				472FB4402DDE36AA00BD3E80 /* Debug */,
				472FB4412DDE36AA00BD3E80 /* Release */,
			);
			defaultConfigurationIsVisible = 0;
			defaultConfigurationName = Release;
		};
		472FB43D2DDE36AA00BD3E80 /* Build configuration list for PBXNativeTarget "ImageFeed" */ = {
			isa = XCConfigurationList;
			buildConfigurations = (
				472FB43E2DDE36AA00BD3E80 /* Debug */,
				472FB43F2DDE36AA00BD3E80 /* Release */,
			);
			defaultConfigurationIsVisible = 0;
			defaultConfigurationName = Release;
		};
		473B161C2EB28ACB00219D7D /* Build configuration list for PBXNativeTarget "ImageFeedUITests" */ = {
			isa = XCConfigurationList;
			buildConfigurations = (
				473B161D2EB28ACB00219D7D /* Debug */,
				473B161E2EB28ACB00219D7D /* Release */,
			);
			defaultConfigurationIsVisible = 0;
			defaultConfigurationName = Release;
		};
		473B162B2EB28DB100219D7D /* Build configuration list for PBXNativeTarget "ProfileViewTests" */ = {
			isa = XCConfigurationList;
			buildConfigurations = (
				473B162C2EB28DB100219D7D /* Debug */,
				473B162D2EB28DB100219D7D /* Release */,
			);
			defaultConfigurationIsVisible = 0;
			defaultConfigurationName = Release;
		};
		473B16382EB28DCC00219D7D /* Build configuration list for PBXNativeTarget "ImageListViewTests" */ = {
			isa = XCConfigurationList;
			buildConfigurations = (
				473B16392EB28DCC00219D7D /* Debug */,
				473B163A2EB28DCC00219D7D /* Release */,
			);
			defaultConfigurationIsVisible = 0;
			defaultConfigurationName = Release;
		};
/* End XCConfigurationList section */

/* Begin XCRemoteSwiftPackageReference section */
		47683E842E16D66D0011FC5D /* XCRemoteSwiftPackageReference "ProgressHUD" */ = {
			isa = XCRemoteSwiftPackageReference;
			repositoryURL = "https://github.com/relatedcode/ProgressHUD";
			requirement = {
				kind = upToNextMajorVersion;
				minimumVersion = 14.1.3;
			};
		};
		47683E992E23B3D70011FC5D /* XCRemoteSwiftPackageReference "SwiftKeychainWrapper" */ = {
			isa = XCRemoteSwiftPackageReference;
			repositoryURL = "https://github.com/jrendel/SwiftKeychainWrapper";
			requirement = {
				kind = upToNextMajorVersion;
				minimumVersion = 4.0.1;
			};
		};
		47683E9C2E23B3E70011FC5D /* XCRemoteSwiftPackageReference "Kingfisher" */ = {
			isa = XCRemoteSwiftPackageReference;
			repositoryURL = "https://github.com/onevcat/Kingfisher";
			requirement = {
				kind = upToNextMajorVersion;
				minimumVersion = 8.4.0;
			};
		};
/* End XCRemoteSwiftPackageReference section */

/* Begin XCSwiftPackageProductDependency section */
		47683E852E16D66D0011FC5D /* ProgressHUD */ = {
			isa = XCSwiftPackageProductDependency;
			package = 47683E842E16D66D0011FC5D /* XCRemoteSwiftPackageReference "ProgressHUD" */;
			productName = ProgressHUD;
		};
		47683E9A2E23B3D70011FC5D /* SwiftKeychainWrapper */ = {
			isa = XCSwiftPackageProductDependency;
			package = 47683E992E23B3D70011FC5D /* XCRemoteSwiftPackageReference "SwiftKeychainWrapper" */;
			productName = SwiftKeychainWrapper;
		};
		47683E9D2E23B3E70011FC5D /* Kingfisher */ = {
			isa = XCSwiftPackageProductDependency;
			package = 47683E9C2E23B3E70011FC5D /* XCRemoteSwiftPackageReference "Kingfisher" */;
			productName = Kingfisher;
		};
/* End XCSwiftPackageProductDependency section */
	};
	rootObject = 472FB4222DDE36A900BD3E80 /* Project object */;
}
